// !$*UTF8*$!
{
	archiveVersion = 1;
	classes = {
	};
	objectVersion = 46;
	objects = {

/* Begin PBXBuildFile section */
		07EB058916260AA900D376E2 /* QuartzCore.framework in Frameworks */ = {isa = PBXBuildFile; fileRef = 07EB058816260AA900D376E2 /* QuartzCore.framework */; };
		1D3623260D0F684500981E51 /* ThinkNoteAppDelegate.m in Sources */ = {isa = PBXBuildFile; fileRef = 1D3623250D0F684500981E51 /* ThinkNoteAppDelegate.m */; };
		1D60589B0D05DD56006BFB54 /* main.m in Sources */ = {isa = PBXBuildFile; fileRef = 29B97316FDCFA39411CA2CEA /* main.m */; };
		1D60589F0D05DD5A006BFB54 /* Foundation.framework in Frameworks */ = {isa = PBXBuildFile; fileRef = 1D30AB110D05D00D00671497 /* Foundation.framework */; };
		1DF5F4E00D08C38300B7A737 /* UIKit.framework in Frameworks */ = {isa = PBXBuildFile; fileRef = 1DF5F4DF0D08C38300B7A737 /* UIKit.framework */; };
		26582ECF1469C58F001EF3B4 /* Signal_Connected.png in Resources */ = {isa = PBXBuildFile; fileRef = 26582ECA1469C58F001EF3B4 /* Signal_Connected.png */; };
		26582ED01469C58F001EF3B4 /* Signal_Connecting1.png in Resources */ = {isa = PBXBuildFile; fileRef = 26582ECB1469C58F001EF3B4 /* Signal_Connecting1.png */; };
		26582ED11469C58F001EF3B4 /* Signal_Connecting2.png in Resources */ = {isa = PBXBuildFile; fileRef = 26582ECC1469C58F001EF3B4 /* Signal_Connecting2.png */; };
		26582ED21469C58F001EF3B4 /* Signal_Connecting3.png in Resources */ = {isa = PBXBuildFile; fileRef = 26582ECD1469C58F001EF3B4 /* Signal_Connecting3.png */; };
		26582ED31469C58F001EF3B4 /* Signal_Disconnected.png in Resources */ = {isa = PBXBuildFile; fileRef = 26582ECE1469C58F001EF3B4 /* Signal_Disconnected.png */; };
		268327361593C23200D004F6 /* Accelerate.framework in Frameworks */ = {isa = PBXBuildFile; fileRef = 268327351593C23200D004F6 /* Accelerate.framework */; };
		268627401627B11E0005FEB1 /* libTGAccessory.a in Frameworks */ = {isa = PBXBuildFile; fileRef = 2686273F1627B11E0005FEB1 /* libTGAccessory.a */; };
		26A718B813CBD0BC00962E54 /* ExternalAccessory.framework in Frameworks */ = {isa = PBXBuildFile; fileRef = 26A718B713CBD0BC00962E54 /* ExternalAccessory.framework */; };
		2892E4100DC94CBA00A64D0F /* CoreGraphics.framework in Frameworks */ = {isa = PBXBuildFile; fileRef = 2892E40F0DC94CBA00A64D0F /* CoreGraphics.framework */; };
		28AD73600D9D9599002E5188 /* MainWindow.xib in Resources */ = {isa = PBXBuildFile; fileRef = 28AD735F0D9D9599002E5188 /* MainWindow.xib */; };
		5810616E118F82BB00730595 /* Settings.bundle in Resources */ = {isa = PBXBuildFile; fileRef = 5810616D118F82BB00730595 /* Settings.bundle */; };
		5874B55910C7454100857C66 /* no_accessory.png in Resources */ = {isa = PBXBuildFile; fileRef = 5874B55810C7454100857C66 /* no_accessory.png */; };
		8B026E4B18A7140C006AAA1F /* Icon-60.png in Resources */ = {isa = PBXBuildFile; fileRef = 8B026E3B18A7140C006AAA1F /* Icon-60.png */; };
		8B026E4C18A7140C006AAA1F /* Icon-60@2x.png in Resources */ = {isa = PBXBuildFile; fileRef = 8B026E3C18A7140C006AAA1F /* Icon-60@2x.png */; };
		8B026E4D18A7140C006AAA1F /* Icon-72.png in Resources */ = {isa = PBXBuildFile; fileRef = 8B026E3D18A7140C006AAA1F /* Icon-72.png */; };
		8B026E4E18A7140C006AAA1F /* Icon-72@2x.png in Resources */ = {isa = PBXBuildFile; fileRef = 8B026E3E18A7140C006AAA1F /* Icon-72@2x.png */; };
		8B026E4F18A7140C006AAA1F /* Icon-76.png in Resources */ = {isa = PBXBuildFile; fileRef = 8B026E3F18A7140C006AAA1F /* Icon-76.png */; };
		8B026E5018A7140C006AAA1F /* Icon-76@2x.png in Resources */ = {isa = PBXBuildFile; fileRef = 8B026E4018A7140C006AAA1F /* Icon-76@2x.png */; };
		8B026E5118A7140C006AAA1F /* Icon-Small-50.png in Resources */ = {isa = PBXBuildFile; fileRef = 8B026E4118A7140C006AAA1F /* Icon-Small-50.png */; };
		8B026E5218A7140C006AAA1F /* Icon-Small-50@2x.png in Resources */ = {isa = PBXBuildFile; fileRef = 8B026E4218A7140C006AAA1F /* Icon-Small-50@2x.png */; };
		8B026E5318A7140C006AAA1F /* Icon-Small.png in Resources */ = {isa = PBXBuildFile; fileRef = 8B026E4318A7140C006AAA1F /* Icon-Small.png */; };
		8B026E5418A7140C006AAA1F /* Icon-Small@2x.png in Resources */ = {isa = PBXBuildFile; fileRef = 8B026E4418A7140C006AAA1F /* Icon-Small@2x.png */; };
		8B026E5518A7140C006AAA1F /* Icon-Spotlight-40.png in Resources */ = {isa = PBXBuildFile; fileRef = 8B026E4518A7140C006AAA1F /* Icon-Spotlight-40.png */; };
		8B026E5618A7140C006AAA1F /* Icon-Spotlight-40@2x.png in Resources */ = {isa = PBXBuildFile; fileRef = 8B026E4618A7140C006AAA1F /* Icon-Spotlight-40@2x.png */; };
		8B026E5718A7140C006AAA1F /* Icon.png in Resources */ = {isa = PBXBuildFile; fileRef = 8B026E4718A7140C006AAA1F /* Icon.png */; };
		8B026E5818A7140C006AAA1F /* Icon@2x.png in Resources */ = {isa = PBXBuildFile; fileRef = 8B026E4818A7140C006AAA1F /* Icon@2x.png */; };
		8B026E5918A7140C006AAA1F /* iTunesArtwork in Resources */ = {isa = PBXBuildFile; fileRef = 8B026E4918A7140C006AAA1F /* iTunesArtwork */; };
		8B026E5A18A7140C006AAA1F /* iTunesArtwork@2x in Resources */ = {isa = PBXBuildFile; fileRef = 8B026E4A18A7140C006AAA1F /* iTunesArtwork@2x */; };
		8B026E5E18A71424006AAA1F /* Default-568h@2x.png in Resources */ = {isa = PBXBuildFile; fileRef = 8B026E5B18A71424006AAA1F /* Default-568h@2x.png */; };
		8B026E5F18A71424006AAA1F /* Default.png in Resources */ = {isa = PBXBuildFile; fileRef = 8B026E5C18A71424006AAA1F /* Default.png */; };
		8B026E6018A71424006AAA1F /* Default@2x.png in Resources */ = {isa = PBXBuildFile; fileRef = 8B026E5D18A71424006AAA1F /* Default@2x.png */; };
		8B2669C718C1343100EDE7D6 /* play_button.png in Resources */ = {isa = PBXBuildFile; fileRef = 8B2669C518C1343100EDE7D6 /* play_button.png */; };
		8B2669C818C1343100EDE7D6 /* play_button@2x.png in Resources */ = {isa = PBXBuildFile; fileRef = 8B2669C618C1343100EDE7D6 /* play_button@2x.png */; };
		8B2669CB18C1344D00EDE7D6 /* red_button.png in Resources */ = {isa = PBXBuildFile; fileRef = 8B2669C918C1344D00EDE7D6 /* red_button.png */; };
		8B2669CC18C1344D00EDE7D6 /* red_button@2x.png in Resources */ = {isa = PBXBuildFile; fileRef = 8B2669CA18C1344D00EDE7D6 /* red_button@2x.png */; };
		8B2669CF18C134CA00EDE7D6 /* stop_button.png in Resources */ = {isa = PBXBuildFile; fileRef = 8B2669CD18C134CA00EDE7D6 /* stop_button.png */; };
		8B2669D018C134CA00EDE7D6 /* stop_button@2x.png in Resources */ = {isa = PBXBuildFile; fileRef = 8B2669CE18C134CA00EDE7D6 /* stop_button@2x.png */; };
		8B2669D318C134E200EDE7D6 /* sound_icon.png in Resources */ = {isa = PBXBuildFile; fileRef = 8B2669D118C134E200EDE7D6 /* sound_icon.png */; };
		8B2669D418C134E200EDE7D6 /* sound_icon@2x.png in Resources */ = {isa = PBXBuildFile; fileRef = 8B2669D218C134E200EDE7D6 /* sound_icon@2x.png */; };
		8B2669E718C1365200EDE7D6 /* icon1.png in Resources */ = {isa = PBXBuildFile; fileRef = 8B2669D518C1365200EDE7D6 /* icon1.png */; };
		8B2669E818C1365200EDE7D6 /* icon1@2x.png in Resources */ = {isa = PBXBuildFile; fileRef = 8B2669D618C1365200EDE7D6 /* icon1@2x.png */; };
		8B2669E918C1365200EDE7D6 /* icon2.png in Resources */ = {isa = PBXBuildFile; fileRef = 8B2669D718C1365200EDE7D6 /* icon2.png */; };
		8B2669EA18C1365200EDE7D6 /* icon2@2x.png in Resources */ = {isa = PBXBuildFile; fileRef = 8B2669D818C1365200EDE7D6 /* icon2@2x.png */; };
		8B2669EB18C1365200EDE7D6 /* icon3.png in Resources */ = {isa = PBXBuildFile; fileRef = 8B2669D918C1365200EDE7D6 /* icon3.png */; };
		8B2669EC18C1365200EDE7D6 /* icon3@2x.png in Resources */ = {isa = PBXBuildFile; fileRef = 8B2669DA18C1365200EDE7D6 /* icon3@2x.png */; };
		8B2669ED18C1365200EDE7D6 /* icon4.png in Resources */ = {isa = PBXBuildFile; fileRef = 8B2669DB18C1365200EDE7D6 /* icon4.png */; };
		8B2669EE18C1365200EDE7D6 /* icon4@2x.png in Resources */ = {isa = PBXBuildFile; fileRef = 8B2669DC18C1365200EDE7D6 /* icon4@2x.png */; };
		8B2669EF18C1365200EDE7D6 /* icon5.png in Resources */ = {isa = PBXBuildFile; fileRef = 8B2669DD18C1365200EDE7D6 /* icon5.png */; };
		8B2669F018C1365200EDE7D6 /* icon5@2x.png in Resources */ = {isa = PBXBuildFile; fileRef = 8B2669DE18C1365200EDE7D6 /* icon5@2x.png */; };
		8B2669F118C1365200EDE7D6 /* icon6.png in Resources */ = {isa = PBXBuildFile; fileRef = 8B2669DF18C1365200EDE7D6 /* icon6.png */; };
		8B2669F218C1365200EDE7D6 /* icon6@2x.png in Resources */ = {isa = PBXBuildFile; fileRef = 8B2669E018C1365200EDE7D6 /* icon6@2x.png */; };
		8B2669F318C1365200EDE7D6 /* icon7.png in Resources */ = {isa = PBXBuildFile; fileRef = 8B2669E118C1365200EDE7D6 /* icon7.png */; };
		8B2669F418C1365200EDE7D6 /* icon7@2x.png in Resources */ = {isa = PBXBuildFile; fileRef = 8B2669E218C1365200EDE7D6 /* icon7@2x.png */; };
		8B2669F518C1365200EDE7D6 /* icon8.png in Resources */ = {isa = PBXBuildFile; fileRef = 8B2669E318C1365200EDE7D6 /* icon8.png */; };
		8B2669F618C1365200EDE7D6 /* icon8@2x.png in Resources */ = {isa = PBXBuildFile; fileRef = 8B2669E418C1365200EDE7D6 /* icon8@2x.png */; };
		8B2669F718C1365200EDE7D6 /* mute_icon.png in Resources */ = {isa = PBXBuildFile; fileRef = 8B2669E518C1365200EDE7D6 /* mute_icon.png */; };
		8B2669F818C1365200EDE7D6 /* mute_icon@2x.png in Resources */ = {isa = PBXBuildFile; fileRef = 8B2669E618C1365200EDE7D6 /* mute_icon@2x.png */; };
		8B2669FD18C1366800EDE7D6 /* save.png in Resources */ = {isa = PBXBuildFile; fileRef = 8B2669F918C1366800EDE7D6 /* save.png */; };
		8B2669FE18C1366800EDE7D6 /* save@2x.png in Resources */ = {isa = PBXBuildFile; fileRef = 8B2669FA18C1366800EDE7D6 /* save@2x.png */; };
		8B2669FF18C1366800EDE7D6 /* share.png in Resources */ = {isa = PBXBuildFile; fileRef = 8B2669FB18C1366800EDE7D6 /* share.png */; };
		8B266A0018C1366800EDE7D6 /* share@2x.png in Resources */ = {isa = PBXBuildFile; fileRef = 8B2669FC18C1366800EDE7D6 /* share@2x.png */; };
		AAE08AB110E2021E008BB459 /* Entitlements.plist in Resources */ = {isa = PBXBuildFile; fileRef = AAE08AB010E2021E008BB459 /* Entitlements.plist */; };
		ED1CBF3C18A6C7F000DF600A /* AudioToolbox.framework in Frameworks */ = {isa = PBXBuildFile; fileRef = ED1CBF3B18A6C7F000DF600A /* AudioToolbox.framework */; };
		ED1CBF4E18A6DD0400DF600A /* med_high_g.wav in Resources */ = {isa = PBXBuildFile; fileRef = ED1CBF4B18A6DD0400DF600A /* med_high_g.wav */; };
		ED1CBF4F18A6DD0400DF600A /* med_low_c.wav in Resources */ = {isa = PBXBuildFile; fileRef = ED1CBF4C18A6DD0400DF600A /* med_low_c.wav */; };
		ED1CBF5018A6DD0400DF600A /* med_med_e.wav in Resources */ = {isa = PBXBuildFile; fileRef = ED1CBF4D18A6DD0400DF600A /* med_med_e.wav */; };
		ED1CBF5418A6DD0C00DF600A /* att_string_high_g.wav in Resources */ = {isa = PBXBuildFile; fileRef = ED1CBF5118A6DD0C00DF600A /* att_string_high_g.wav */; };
		ED1CBF5518A6DD0C00DF600A /* att_string_low_c.wav in Resources */ = {isa = PBXBuildFile; fileRef = ED1CBF5218A6DD0C00DF600A /* att_string_low_c.wav */; };
		ED1CBF5618A6DD0C00DF600A /* att_string_med_e.wav in Resources */ = {isa = PBXBuildFile; fileRef = ED1CBF5318A6DD0C00DF600A /* att_string_med_e.wav */; };
		ED1CBF5818A6DD1200DF600A /* blink_bigsound.wav in Resources */ = {isa = PBXBuildFile; fileRef = ED1CBF5718A6DD1200DF600A /* blink_bigsound.wav */; };
		ED1CBF5C18A6E5FA00DF600A /* blink_smalsound.wav in Resources */ = {isa = PBXBuildFile; fileRef = ED1CBF5B18A6E5FA00DF600A /* blink_smalsound.wav */; };
		ED1CBF6018A6E85600DF600A /* ViewController.m in Sources */ = {isa = PBXBuildFile; fileRef = ED1CBF5E18A6E85600DF600A /* ViewController.m */; };
		ED1CBF6118A6E85600DF600A /* ViewController.xib in Resources */ = {isa = PBXBuildFile; fileRef = ED1CBF5F18A6E85600DF600A /* ViewController.xib */; };
		ED762B2F18B85209006BD2AA /* AVFoundation.framework in Frameworks */ = {isa = PBXBuildFile; fileRef = ED762B2E18B85209006BD2AA /* AVFoundation.framework */; };
		ED762B3318B85490006BD2AA /* PlayViewController.m in Sources */ = {isa = PBXBuildFile; fileRef = ED762B3118B85490006BD2AA /* PlayViewController.m */; };
		ED762B3418B85490006BD2AA /* PlayViewController.xib in Resources */ = {isa = PBXBuildFile; fileRef = ED762B3218B85490006BD2AA /* PlayViewController.xib */; };
/* End PBXBuildFile section */

/* Begin PBXFileReference section */
		07EB058816260AA900D376E2 /* QuartzCore.framework */ = {isa = PBXFileReference; lastKnownFileType = wrapper.framework; name = QuartzCore.framework; path = System/Library/Frameworks/QuartzCore.framework; sourceTree = SDKROOT; };
		1D30AB110D05D00D00671497 /* Foundation.framework */ = {isa = PBXFileReference; lastKnownFileType = wrapper.framework; name = Foundation.framework; path = System/Library/Frameworks/Foundation.framework; sourceTree = SDKROOT; };
		1D3623240D0F684500981E51 /* ThinkNoteAppDelegate.h */ = {isa = PBXFileReference; fileEncoding = 4; lastKnownFileType = sourcecode.c.h; path = ThinkNoteAppDelegate.h; sourceTree = "<group>"; };
		1D3623250D0F684500981E51 /* ThinkNoteAppDelegate.m */ = {isa = PBXFileReference; fileEncoding = 4; lastKnownFileType = sourcecode.c.objc; path = ThinkNoteAppDelegate.m; sourceTree = "<group>"; };
		1D6058910D05DD3D006BFB54 /* ThinkNote.app */ = {isa = PBXFileReference; explicitFileType = wrapper.application; includeInIndex = 0; path = ThinkNote.app; sourceTree = BUILT_PRODUCTS_DIR; };
		1DF5F4DF0D08C38300B7A737 /* UIKit.framework */ = {isa = PBXFileReference; lastKnownFileType = wrapper.framework; name = UIKit.framework; path = System/Library/Frameworks/UIKit.framework; sourceTree = SDKROOT; };
		2605D85C161BA14A00AA0B3A /* TGAccessoryDelegate.h */ = {isa = PBXFileReference; lastKnownFileType = sourcecode.c.h; path = TGAccessoryDelegate.h; sourceTree = "<group>"; };
		2605D85D161BA14A00AA0B3A /* TGAccessoryManager.h */ = {isa = PBXFileReference; lastKnownFileType = sourcecode.c.h; path = TGAccessoryManager.h; sourceTree = "<group>"; };
		26582ECA1469C58F001EF3B4 /* Signal_Connected.png */ = {isa = PBXFileReference; lastKnownFileType = image.png; path = Signal_Connected.png; sourceTree = "<group>"; };
		26582ECB1469C58F001EF3B4 /* Signal_Connecting1.png */ = {isa = PBXFileReference; lastKnownFileType = image.png; path = Signal_Connecting1.png; sourceTree = "<group>"; };
		26582ECC1469C58F001EF3B4 /* Signal_Connecting2.png */ = {isa = PBXFileReference; lastKnownFileType = image.png; path = Signal_Connecting2.png; sourceTree = "<group>"; };
		26582ECD1469C58F001EF3B4 /* Signal_Connecting3.png */ = {isa = PBXFileReference; lastKnownFileType = image.png; path = Signal_Connecting3.png; sourceTree = "<group>"; };
		26582ECE1469C58F001EF3B4 /* Signal_Disconnected.png */ = {isa = PBXFileReference; lastKnownFileType = image.png; path = Signal_Disconnected.png; sourceTree = "<group>"; };
		268327351593C23200D004F6 /* Accelerate.framework */ = {isa = PBXFileReference; lastKnownFileType = wrapper.framework; name = Accelerate.framework; path = System/Library/Frameworks/Accelerate.framework; sourceTree = SDKROOT; };
		2686273F1627B11E0005FEB1 /* libTGAccessory.a */ = {isa = PBXFileReference; lastKnownFileType = archive.ar; path = libTGAccessory.a; sourceTree = "<group>"; };
		26A718B713CBD0BC00962E54 /* ExternalAccessory.framework */ = {isa = PBXFileReference; lastKnownFileType = wrapper.framework; name = ExternalAccessory.framework; path = System/Library/Frameworks/ExternalAccessory.framework; sourceTree = SDKROOT; };
		2892E40F0DC94CBA00A64D0F /* CoreGraphics.framework */ = {isa = PBXFileReference; lastKnownFileType = wrapper.framework; name = CoreGraphics.framework; path = System/Library/Frameworks/CoreGraphics.framework; sourceTree = SDKROOT; };
		28A0AAE50D9B0CCF005BE974 /* ThinkGearTouch_Prefix.pch */ = {isa = PBXFileReference; fileEncoding = 4; lastKnownFileType = sourcecode.c.h; path = ThinkGearTouch_Prefix.pch; sourceTree = "<group>"; };
		28AD735F0D9D9599002E5188 /* MainWindow.xib */ = {isa = PBXFileReference; lastKnownFileType = file.xib; path = MainWindow.xib; sourceTree = "<group>"; };
		29B97316FDCFA39411CA2CEA /* main.m */ = {isa = PBXFileReference; fileEncoding = 4; lastKnownFileType = sourcecode.c.objc; path = main.m; sourceTree = "<group>"; };
		5810616D118F82BB00730595 /* Settings.bundle */ = {isa = PBXFileReference; lastKnownFileType = "wrapper.plug-in"; path = Settings.bundle; sourceTree = "<group>"; };
		5874B55810C7454100857C66 /* no_accessory.png */ = {isa = PBXFileReference; lastKnownFileType = image.png; name = no_accessory.png; path = Resources/no_accessory.png; sourceTree = "<group>"; };
		8B026E3B18A7140C006AAA1F /* Icon-60.png */ = {isa = PBXFileReference; lastKnownFileType = image.png; path = "Icon-60.png"; sourceTree = "<group>"; };
		8B026E3C18A7140C006AAA1F /* Icon-60@2x.png */ = {isa = PBXFileReference; lastKnownFileType = image.png; path = "Icon-60@2x.png"; sourceTree = "<group>"; };
		8B026E3D18A7140C006AAA1F /* Icon-72.png */ = {isa = PBXFileReference; lastKnownFileType = image.png; path = "Icon-72.png"; sourceTree = "<group>"; };
		8B026E3E18A7140C006AAA1F /* Icon-72@2x.png */ = {isa = PBXFileReference; lastKnownFileType = image.png; path = "Icon-72@2x.png"; sourceTree = "<group>"; };
		8B026E3F18A7140C006AAA1F /* Icon-76.png */ = {isa = PBXFileReference; lastKnownFileType = image.png; path = "Icon-76.png"; sourceTree = "<group>"; };
		8B026E4018A7140C006AAA1F /* Icon-76@2x.png */ = {isa = PBXFileReference; lastKnownFileType = image.png; path = "Icon-76@2x.png"; sourceTree = "<group>"; };
		8B026E4118A7140C006AAA1F /* Icon-Small-50.png */ = {isa = PBXFileReference; lastKnownFileType = image.png; path = "Icon-Small-50.png"; sourceTree = "<group>"; };
		8B026E4218A7140C006AAA1F /* Icon-Small-50@2x.png */ = {isa = PBXFileReference; lastKnownFileType = image.png; path = "Icon-Small-50@2x.png"; sourceTree = "<group>"; };
		8B026E4318A7140C006AAA1F /* Icon-Small.png */ = {isa = PBXFileReference; lastKnownFileType = image.png; path = "Icon-Small.png"; sourceTree = "<group>"; };
		8B026E4418A7140C006AAA1F /* Icon-Small@2x.png */ = {isa = PBXFileReference; lastKnownFileType = image.png; path = "Icon-Small@2x.png"; sourceTree = "<group>"; };
		8B026E4518A7140C006AAA1F /* Icon-Spotlight-40.png */ = {isa = PBXFileReference; lastKnownFileType = image.png; path = "Icon-Spotlight-40.png"; sourceTree = "<group>"; };
		8B026E4618A7140C006AAA1F /* Icon-Spotlight-40@2x.png */ = {isa = PBXFileReference; lastKnownFileType = image.png; path = "Icon-Spotlight-40@2x.png"; sourceTree = "<group>"; };
		8B026E4718A7140C006AAA1F /* Icon.png */ = {isa = PBXFileReference; lastKnownFileType = image.png; path = Icon.png; sourceTree = "<group>"; };
		8B026E4818A7140C006AAA1F /* Icon@2x.png */ = {isa = PBXFileReference; lastKnownFileType = image.png; path = "Icon@2x.png"; sourceTree = "<group>"; };
		8B026E4918A7140C006AAA1F /* iTunesArtwork */ = {isa = PBXFileReference; lastKnownFileType = file; path = iTunesArtwork; sourceTree = "<group>"; };
		8B026E4A18A7140C006AAA1F /* iTunesArtwork@2x */ = {isa = PBXFileReference; lastKnownFileType = file; path = "iTunesArtwork@2x"; sourceTree = "<group>"; };
		8B026E5B18A71424006AAA1F /* Default-568h@2x.png */ = {isa = PBXFileReference; lastKnownFileType = image.png; path = "Default-568h@2x.png"; sourceTree = "<group>"; };
		8B026E5C18A71424006AAA1F /* Default.png */ = {isa = PBXFileReference; lastKnownFileType = image.png; path = Default.png; sourceTree = "<group>"; };
		8B026E5D18A71424006AAA1F /* Default@2x.png */ = {isa = PBXFileReference; lastKnownFileType = image.png; path = "Default@2x.png"; sourceTree = "<group>"; };
		8B2669C518C1343100EDE7D6 /* play_button.png */ = {isa = PBXFileReference; lastKnownFileType = image.png; path = play_button.png; sourceTree = "<group>"; };
		8B2669C618C1343100EDE7D6 /* play_button@2x.png */ = {isa = PBXFileReference; lastKnownFileType = image.png; path = "play_button@2x.png"; sourceTree = "<group>"; };
		8B2669C918C1344D00EDE7D6 /* red_button.png */ = {isa = PBXFileReference; lastKnownFileType = image.png; path = red_button.png; sourceTree = "<group>"; };
		8B2669CA18C1344D00EDE7D6 /* red_button@2x.png */ = {isa = PBXFileReference; lastKnownFileType = image.png; path = "red_button@2x.png"; sourceTree = "<group>"; };
		8B2669CD18C134CA00EDE7D6 /* stop_button.png */ = {isa = PBXFileReference; lastKnownFileType = image.png; path = stop_button.png; sourceTree = "<group>"; };
		8B2669CE18C134CA00EDE7D6 /* stop_button@2x.png */ = {isa = PBXFileReference; lastKnownFileType = image.png; path = "stop_button@2x.png"; sourceTree = "<group>"; };
		8B2669D118C134E200EDE7D6 /* sound_icon.png */ = {isa = PBXFileReference; lastKnownFileType = image.png; path = sound_icon.png; sourceTree = "<group>"; };
		8B2669D218C134E200EDE7D6 /* sound_icon@2x.png */ = {isa = PBXFileReference; lastKnownFileType = image.png; path = "sound_icon@2x.png"; sourceTree = "<group>"; };
		8B2669D518C1365200EDE7D6 /* icon1.png */ = {isa = PBXFileReference; lastKnownFileType = image.png; path = icon1.png; sourceTree = "<group>"; };
		8B2669D618C1365200EDE7D6 /* icon1@2x.png */ = {isa = PBXFileReference; lastKnownFileType = image.png; path = "icon1@2x.png"; sourceTree = "<group>"; };
		8B2669D718C1365200EDE7D6 /* icon2.png */ = {isa = PBXFileReference; lastKnownFileType = image.png; path = icon2.png; sourceTree = "<group>"; };
		8B2669D818C1365200EDE7D6 /* icon2@2x.png */ = {isa = PBXFileReference; lastKnownFileType = image.png; path = "icon2@2x.png"; sourceTree = "<group>"; };
		8B2669D918C1365200EDE7D6 /* icon3.png */ = {isa = PBXFileReference; lastKnownFileType = image.png; path = icon3.png; sourceTree = "<group>"; };
		8B2669DA18C1365200EDE7D6 /* icon3@2x.png */ = {isa = PBXFileReference; lastKnownFileType = image.png; path = "icon3@2x.png"; sourceTree = "<group>"; };
		8B2669DB18C1365200EDE7D6 /* icon4.png */ = {isa = PBXFileReference; lastKnownFileType = image.png; path = icon4.png; sourceTree = "<group>"; };
		8B2669DC18C1365200EDE7D6 /* icon4@2x.png */ = {isa = PBXFileReference; lastKnownFileType = image.png; path = "icon4@2x.png"; sourceTree = "<group>"; };
		8B2669DD18C1365200EDE7D6 /* icon5.png */ = {isa = PBXFileReference; lastKnownFileType = image.png; path = icon5.png; sourceTree = "<group>"; };
		8B2669DE18C1365200EDE7D6 /* icon5@2x.png */ = {isa = PBXFileReference; lastKnownFileType = image.png; path = "icon5@2x.png"; sourceTree = "<group>"; };
		8B2669DF18C1365200EDE7D6 /* icon6.png */ = {isa = PBXFileReference; lastKnownFileType = image.png; path = icon6.png; sourceTree = "<group>"; };
		8B2669E018C1365200EDE7D6 /* icon6@2x.png */ = {isa = PBXFileReference; lastKnownFileType = image.png; path = "icon6@2x.png"; sourceTree = "<group>"; };
		8B2669E118C1365200EDE7D6 /* icon7.png */ = {isa = PBXFileReference; lastKnownFileType = image.png; path = icon7.png; sourceTree = "<group>"; };
		8B2669E218C1365200EDE7D6 /* icon7@2x.png */ = {isa = PBXFileReference; lastKnownFileType = image.png; path = "icon7@2x.png"; sourceTree = "<group>"; };
		8B2669E318C1365200EDE7D6 /* icon8.png */ = {isa = PBXFileReference; lastKnownFileType = image.png; path = icon8.png; sourceTree = "<group>"; };
		8B2669E418C1365200EDE7D6 /* icon8@2x.png */ = {isa = PBXFileReference; lastKnownFileType = image.png; path = "icon8@2x.png"; sourceTree = "<group>"; };
		8B2669E518C1365200EDE7D6 /* mute_icon.png */ = {isa = PBXFileReference; lastKnownFileType = image.png; path = mute_icon.png; sourceTree = "<group>"; };
		8B2669E618C1365200EDE7D6 /* mute_icon@2x.png */ = {isa = PBXFileReference; lastKnownFileType = image.png; path = "mute_icon@2x.png"; sourceTree = "<group>"; };
		8B2669F918C1366800EDE7D6 /* save.png */ = {isa = PBXFileReference; lastKnownFileType = image.png; path = save.png; sourceTree = "<group>"; };
		8B2669FA18C1366800EDE7D6 /* save@2x.png */ = {isa = PBXFileReference; lastKnownFileType = image.png; path = "save@2x.png"; sourceTree = "<group>"; };
		8B2669FB18C1366800EDE7D6 /* share.png */ = {isa = PBXFileReference; lastKnownFileType = image.png; path = share.png; sourceTree = "<group>"; };
		8B2669FC18C1366800EDE7D6 /* share@2x.png */ = {isa = PBXFileReference; lastKnownFileType = image.png; path = "share@2x.png"; sourceTree = "<group>"; };
		8D1107310486CEB800E47090 /* ThinkNote-Info.plist */ = {isa = PBXFileReference; fileEncoding = 4; lastKnownFileType = text.plist.xml; path = "ThinkNote-Info.plist"; plistStructureDefinitionIdentifier = "com.apple.xcode.plist.structure-definition.iphone.info-plist"; sourceTree = "<group>"; };
		AAE08AB010E2021E008BB459 /* Entitlements.plist */ = {isa = PBXFileReference; fileEncoding = 4; lastKnownFileType = text.plist.xml; path = Entitlements.plist; sourceTree = "<group>"; };
		ED1CBF3B18A6C7F000DF600A /* AudioToolbox.framework */ = {isa = PBXFileReference; lastKnownFileType = wrapper.framework; name = AudioToolbox.framework; path = System/Library/Frameworks/AudioToolbox.framework; sourceTree = SDKROOT; };
		ED1CBF4B18A6DD0400DF600A /* med_high_g.wav */ = {isa = PBXFileReference; lastKnownFileType = audio.wav; path = med_high_g.wav; sourceTree = "<group>"; };
		ED1CBF4C18A6DD0400DF600A /* med_low_c.wav */ = {isa = PBXFileReference; lastKnownFileType = audio.wav; path = med_low_c.wav; sourceTree = "<group>"; };
		ED1CBF4D18A6DD0400DF600A /* med_med_e.wav */ = {isa = PBXFileReference; lastKnownFileType = audio.wav; path = med_med_e.wav; sourceTree = "<group>"; };
		ED1CBF5118A6DD0C00DF600A /* att_string_high_g.wav */ = {isa = PBXFileReference; lastKnownFileType = audio.wav; path = att_string_high_g.wav; sourceTree = "<group>"; };
		ED1CBF5218A6DD0C00DF600A /* att_string_low_c.wav */ = {isa = PBXFileReference; lastKnownFileType = audio.wav; path = att_string_low_c.wav; sourceTree = "<group>"; };
		ED1CBF5318A6DD0C00DF600A /* att_string_med_e.wav */ = {isa = PBXFileReference; lastKnownFileType = audio.wav; path = att_string_med_e.wav; sourceTree = "<group>"; };
		ED1CBF5718A6DD1200DF600A /* blink_bigsound.wav */ = {isa = PBXFileReference; lastKnownFileType = audio.wav; path = blink_bigsound.wav; sourceTree = "<group>"; };
		ED1CBF5B18A6E5FA00DF600A /* blink_smalsound.wav */ = {isa = PBXFileReference; lastKnownFileType = audio.wav; name = blink_smalsound.wav; path = ../blink_smalsound.wav; sourceTree = "<group>"; };
		ED1CBF5D18A6E85600DF600A /* ViewController.h */ = {isa = PBXFileReference; fileEncoding = 4; lastKnownFileType = sourcecode.c.h; name = ViewController.h; path = ../ViewController.h; sourceTree = "<group>"; };
		ED1CBF5E18A6E85600DF600A /* ViewController.m */ = {isa = PBXFileReference; fileEncoding = 4; lastKnownFileType = sourcecode.c.objc; name = ViewController.m; path = ../ViewController.m; sourceTree = "<group>"; };
		ED1CBF5F18A6E85600DF600A /* ViewController.xib */ = {isa = PBXFileReference; fileEncoding = 4; lastKnownFileType = file.xib; name = ViewController.xib; path = ../ViewController.xib; sourceTree = "<group>"; };
		ED762B2E18B85209006BD2AA /* AVFoundation.framework */ = {isa = PBXFileReference; lastKnownFileType = wrapper.framework; name = AVFoundation.framework; path = System/Library/Frameworks/AVFoundation.framework; sourceTree = SDKROOT; };
		ED762B3018B85490006BD2AA /* PlayViewController.h */ = {isa = PBXFileReference; fileEncoding = 4; lastKnownFileType = sourcecode.c.h; path = PlayViewController.h; sourceTree = "<group>"; };
		ED762B3118B85490006BD2AA /* PlayViewController.m */ = {isa = PBXFileReference; fileEncoding = 4; lastKnownFileType = sourcecode.c.objc; path = PlayViewController.m; sourceTree = "<group>"; };
		ED762B3218B85490006BD2AA /* PlayViewController.xib */ = {isa = PBXFileReference; fileEncoding = 4; lastKnownFileType = file.xib; path = PlayViewController.xib; sourceTree = "<group>"; };
/* End PBXFileReference section */

/* Begin PBXFrameworksBuildPhase section */
		1D60588F0D05DD3D006BFB54 /* Frameworks */ = {
			isa = PBXFrameworksBuildPhase;
			buildActionMask = 2147483647;
			files = (
				ED762B2F18B85209006BD2AA /* AVFoundation.framework in Frameworks */,
				ED1CBF3C18A6C7F000DF600A /* AudioToolbox.framework in Frameworks */,
				07EB058916260AA900D376E2 /* QuartzCore.framework in Frameworks */,
				268327361593C23200D004F6 /* Accelerate.framework in Frameworks */,
				26A718B813CBD0BC00962E54 /* ExternalAccessory.framework in Frameworks */,
				1D60589F0D05DD5A006BFB54 /* Foundation.framework in Frameworks */,
				1DF5F4E00D08C38300B7A737 /* UIKit.framework in Frameworks */,
				2892E4100DC94CBA00A64D0F /* CoreGraphics.framework in Frameworks */,
				268627401627B11E0005FEB1 /* libTGAccessory.a in Frameworks */,
			);
			runOnlyForDeploymentPostprocessing = 0;
		};
/* End PBXFrameworksBuildPhase section */

/* Begin PBXGroup section */
		080E96DDFE201D6D7F000001 /* Classes */ = {
			isa = PBXGroup;
			children = (
				ED1CBF5D18A6E85600DF600A /* ViewController.h */,
				ED1CBF5E18A6E85600DF600A /* ViewController.m */,
				ED1CBF5F18A6E85600DF600A /* ViewController.xib */,
				ED1CBF5718A6DD1200DF600A /* blink_bigsound.wav */,
				ED1CBF5B18A6E5FA00DF600A /* blink_smalsound.wav */,
				ED1CBF5118A6DD0C00DF600A /* att_string_high_g.wav */,
				ED1CBF5218A6DD0C00DF600A /* att_string_low_c.wav */,
				ED1CBF5318A6DD0C00DF600A /* att_string_med_e.wav */,
				ED1CBF4B18A6DD0400DF600A /* med_high_g.wav */,
				ED1CBF4C18A6DD0400DF600A /* med_low_c.wav */,
				ED1CBF4D18A6DD0400DF600A /* med_med_e.wav */,
				1D3623240D0F684500981E51 /* ThinkNoteAppDelegate.h */,
				1D3623250D0F684500981E51 /* ThinkNoteAppDelegate.m */,
				ED762B3018B85490006BD2AA /* PlayViewController.h */,
				ED762B3118B85490006BD2AA /* PlayViewController.m */,
				ED762B3218B85490006BD2AA /* PlayViewController.xib */,
			);
			path = Classes;
			sourceTree = "<group>";
		};
		19C28FACFE9D520D11CA2CBB /* Products */ = {
			isa = PBXGroup;
			children = (
				1D6058910D05DD3D006BFB54 /* ThinkNote.app */,
			);
			name = Products;
			sourceTree = "<group>";
		};
		29B97314FDCFA39411CA2CEA /* CustomTemplate */ = {
			isa = PBXGroup;
			children = (
				07EB058816260AA900D376E2 /* QuartzCore.framework */,
				5874B69A10C8769200857C66 /* Libraries */,
				080E96DDFE201D6D7F000001 /* Classes */,
				29B97315FDCFA39411CA2CEA /* Other Sources */,
				29B97317FDCFA39411CA2CEA /* Resources */,
				29B97323FDCFA39411CA2CEA /* Frameworks */,
				19C28FACFE9D520D11CA2CBB /* Products */,
			);
			name = CustomTemplate;
			sourceTree = "<group>";
		};
		29B97315FDCFA39411CA2CEA /* Other Sources */ = {
			isa = PBXGroup;
			children = (
				28A0AAE50D9B0CCF005BE974 /* ThinkGearTouch_Prefix.pch */,
				29B97316FDCFA39411CA2CEA /* main.m */,
				28AD735F0D9D9599002E5188 /* MainWindow.xib */,
			);
			name = "Other Sources";
			sourceTree = "<group>";
		};
		29B97317FDCFA39411CA2CEA /* Resources */ = {
			isa = PBXGroup;
			children = (
				8B2669D518C1365200EDE7D6 /* icon1.png */,
				8B2669D618C1365200EDE7D6 /* icon1@2x.png */,
				8B2669D718C1365200EDE7D6 /* icon2.png */,
				8B2669D818C1365200EDE7D6 /* icon2@2x.png */,
				8B2669D918C1365200EDE7D6 /* icon3.png */,
				8B2669DA18C1365200EDE7D6 /* icon3@2x.png */,
				8B2669DB18C1365200EDE7D6 /* icon4.png */,
				8B2669DC18C1365200EDE7D6 /* icon4@2x.png */,
				8B2669DD18C1365200EDE7D6 /* icon5.png */,
				8B2669DE18C1365200EDE7D6 /* icon5@2x.png */,
				8B2669DF18C1365200EDE7D6 /* icon6.png */,
				8B2669E018C1365200EDE7D6 /* icon6@2x.png */,
				8B2669E118C1365200EDE7D6 /* icon7.png */,
				8B2669E218C1365200EDE7D6 /* icon7@2x.png */,
				8B2669E318C1365200EDE7D6 /* icon8.png */,
				8B2669E418C1365200EDE7D6 /* icon8@2x.png */,
				8B2669E518C1365200EDE7D6 /* mute_icon.png */,
				8B2669E618C1365200EDE7D6 /* mute_icon@2x.png */,
				8B2669F918C1366800EDE7D6 /* save.png */,
				8B2669FA18C1366800EDE7D6 /* save@2x.png */,
				8B2669FB18C1366800EDE7D6 /* share.png */,
				8B2669FC18C1366800EDE7D6 /* share@2x.png */,
				8B2669C518C1343100EDE7D6 /* play_button.png */,
				8B2669C618C1343100EDE7D6 /* play_button@2x.png */,
				8B2669C918C1344D00EDE7D6 /* red_button.png */,
				8B2669CA18C1344D00EDE7D6 /* red_button@2x.png */,
				8B2669CD18C134CA00EDE7D6 /* stop_button.png */,
				8B2669CE18C134CA00EDE7D6 /* stop_button@2x.png */,
				8B2669D118C134E200EDE7D6 /* sound_icon.png */,
				8B2669D218C134E200EDE7D6 /* sound_icon@2x.png */,
				8B026E5B18A71424006AAA1F /* Default-568h@2x.png */,
				8B026E5C18A71424006AAA1F /* Default.png */,
				8B026E5D18A71424006AAA1F /* Default@2x.png */,
				8B026E3B18A7140C006AAA1F /* Icon-60.png */,
				8B026E3C18A7140C006AAA1F /* Icon-60@2x.png */,
				8B026E3D18A7140C006AAA1F /* Icon-72.png */,
				8B026E3E18A7140C006AAA1F /* Icon-72@2x.png */,
				8B026E3F18A7140C006AAA1F /* Icon-76.png */,
				8B026E4018A7140C006AAA1F /* Icon-76@2x.png */,
				8B026E4118A7140C006AAA1F /* Icon-Small-50.png */,
				8B026E4218A7140C006AAA1F /* Icon-Small-50@2x.png */,
				8B026E4318A7140C006AAA1F /* Icon-Small.png */,
				8B026E4418A7140C006AAA1F /* Icon-Small@2x.png */,
				8B026E4518A7140C006AAA1F /* Icon-Spotlight-40.png */,
				8B026E4618A7140C006AAA1F /* Icon-Spotlight-40@2x.png */,
				8B026E4718A7140C006AAA1F /* Icon.png */,
				8B026E4818A7140C006AAA1F /* Icon@2x.png */,
				8B026E4918A7140C006AAA1F /* iTunesArtwork */,
				8B026E4A18A7140C006AAA1F /* iTunesArtwork@2x */,
				26582ECA1469C58F001EF3B4 /* Signal_Connected.png */,
				26582ECB1469C58F001EF3B4 /* Signal_Connecting1.png */,
				26582ECC1469C58F001EF3B4 /* Signal_Connecting2.png */,
				26582ECD1469C58F001EF3B4 /* Signal_Connecting3.png */,
				26582ECE1469C58F001EF3B4 /* Signal_Disconnected.png */,
				AAE08AB010E2021E008BB459 /* Entitlements.plist */,
				5874B55810C7454100857C66 /* no_accessory.png */,
				8D1107310486CEB800E47090 /* ThinkNote-Info.plist */,
				5810616D118F82BB00730595 /* Settings.bundle */,
			);
			name = Resources;
			sourceTree = "<group>";
		};
		29B97323FDCFA39411CA2CEA /* Frameworks */ = {
			isa = PBXGroup;
			children = (
				ED762B2E18B85209006BD2AA /* AVFoundation.framework */,
				ED1CBF3B18A6C7F000DF600A /* AudioToolbox.framework */,
				268327351593C23200D004F6 /* Accelerate.framework */,
				26A718B713CBD0BC00962E54 /* ExternalAccessory.framework */,
				1DF5F4DF0D08C38300B7A737 /* UIKit.framework */,
				1D30AB110D05D00D00671497 /* Foundation.framework */,
				2892E40F0DC94CBA00A64D0F /* CoreGraphics.framework */,
			);
			name = Frameworks;
			sourceTree = "<group>";
		};
		5874B69A10C8769200857C66 /* Libraries */ = {
			isa = PBXGroup;
			children = (
				2686273F1627B11E0005FEB1 /* libTGAccessory.a */,
				2605D85C161BA14A00AA0B3A /* TGAccessoryDelegate.h */,
				2605D85D161BA14A00AA0B3A /* TGAccessoryManager.h */,
			);
			name = Libraries;
			sourceTree = "<group>";
		};
/* End PBXGroup section */

/* Begin PBXNativeTarget section */
		1D6058900D05DD3D006BFB54 /* ThinkNote */ = {
			isa = PBXNativeTarget;
			buildConfigurationList = 1D6058960D05DD3E006BFB54 /* Build configuration list for PBXNativeTarget "ThinkNote" */;
			buildPhases = (
				1D60588D0D05DD3D006BFB54 /* Resources */,
				1D60588E0D05DD3D006BFB54 /* Sources */,
				1D60588F0D05DD3D006BFB54 /* Frameworks */,
			);
			buildRules = (
			);
			dependencies = (
			);
			name = ThinkNote;
			productName = ThinkGearTouch;
			productReference = 1D6058910D05DD3D006BFB54 /* ThinkNote.app */;
			productType = "com.apple.product-type.application";
		};
/* End PBXNativeTarget section */

/* Begin PBXProject section */
		29B97313FDCFA39411CA2CEA /* Project object */ = {
			isa = PBXProject;
			attributes = {
				LastUpgradeCheck = 0450;
			};
			buildConfigurationList = C01FCF4E08A954540054247B /* Build configuration list for PBXProject "ThinkNote" */;
			compatibilityVersion = "Xcode 3.2";
			developmentRegion = English;
			hasScannedForEncodings = 1;
			knownRegions = (
				English,
				Japanese,
				French,
				German,
				en,
			);
			mainGroup = 29B97314FDCFA39411CA2CEA /* CustomTemplate */;
			projectDirPath = "";
			projectRoot = "";
			targets = (
				1D6058900D05DD3D006BFB54 /* ThinkNote */,
			);
		};
/* End PBXProject section */

/* Begin PBXResourcesBuildPhase section */
		1D60588D0D05DD3D006BFB54 /* Resources */ = {
			isa = PBXResourcesBuildPhase;
			buildActionMask = 2147483647;
			files = (
				8B2669E718C1365200EDE7D6 /* icon1.png in Resources */,
				ED762B3418B85490006BD2AA /* PlayViewController.xib in Resources */,
				8B2669F718C1365200EDE7D6 /* mute_icon.png in Resources */,
				8B2669D318C134E200EDE7D6 /* sound_icon.png in Resources */,
				8B026E5718A7140C006AAA1F /* Icon.png in Resources */,
				8B2669C818C1343100EDE7D6 /* play_button@2x.png in Resources */,
				8B2669CF18C134CA00EDE7D6 /* stop_button.png in Resources */,
				28AD73600D9D9599002E5188 /* MainWindow.xib in Resources */,
				5874B55910C7454100857C66 /* no_accessory.png in Resources */,
				8B2669EA18C1365200EDE7D6 /* icon2@2x.png in Resources */,
				8B026E5E18A71424006AAA1F /* Default-568h@2x.png in Resources */,
				8B026E4E18A7140C006AAA1F /* Icon-72@2x.png in Resources */,
				8B026E4B18A7140C006AAA1F /* Icon-60.png in Resources */,
				ED1CBF5C18A6E5FA00DF600A /* blink_smalsound.wav in Resources */,
				8B2669CB18C1344D00EDE7D6 /* red_button.png in Resources */,
				ED1CBF4F18A6DD0400DF600A /* med_low_c.wav in Resources */,
				8B2669EF18C1365200EDE7D6 /* icon5.png in Resources */,
				AAE08AB110E2021E008BB459 /* Entitlements.plist in Resources */,
				8B026E4C18A7140C006AAA1F /* Icon-60@2x.png in Resources */,
				ED1CBF5618A6DD0C00DF600A /* att_string_med_e.wav in Resources */,
				8B026E5F18A71424006AAA1F /* Default.png in Resources */,
				5810616E118F82BB00730595 /* Settings.bundle in Resources */,
				8B2669E818C1365200EDE7D6 /* icon1@2x.png in Resources */,
				8B2669EC18C1365200EDE7D6 /* icon3@2x.png in Resources */,
				8B026E5018A7140C006AAA1F /* Icon-76@2x.png in Resources */,
				8B026E4D18A7140C006AAA1F /* Icon-72.png in Resources */,
				ED1CBF5018A6DD0400DF600A /* med_med_e.wav in Resources */,
				ED1CBF5418A6DD0C00DF600A /* att_string_high_g.wav in Resources */,
				8B026E5A18A7140C006AAA1F /* iTunesArtwork@2x in Resources */,
				8B026E5518A7140C006AAA1F /* Icon-Spotlight-40.png in Resources */,
				8B2669D018C134CA00EDE7D6 /* stop_button@2x.png in Resources */,
				26582ECF1469C58F001EF3B4 /* Signal_Connected.png in Resources */,
				8B2669F518C1365200EDE7D6 /* icon8.png in Resources */,
				8B026E5318A7140C006AAA1F /* Icon-Small.png in Resources */,
				8B2669F118C1365200EDE7D6 /* icon6.png in Resources */,
				8B2669CC18C1344D00EDE7D6 /* red_button@2x.png in Resources */,
				8B266A0018C1366800EDE7D6 /* share@2x.png in Resources */,
				26582ED01469C58F001EF3B4 /* Signal_Connecting1.png in Resources */,
				8B2669F618C1365200EDE7D6 /* icon8@2x.png in Resources */,
				8B2669EB18C1365200EDE7D6 /* icon3.png in Resources */,
				26582ED11469C58F001EF3B4 /* Signal_Connecting2.png in Resources */,
				8B026E4F18A7140C006AAA1F /* Icon-76.png in Resources */,
				8B2669E918C1365200EDE7D6 /* icon2.png in Resources */,
				8B026E5618A7140C006AAA1F /* Icon-Spotlight-40@2x.png in Resources */,
				ED1CBF4E18A6DD0400DF600A /* med_high_g.wav in Resources */,
				8B2669F418C1365200EDE7D6 /* icon7@2x.png in Resources */,
				8B026E5418A7140C006AAA1F /* Icon-Small@2x.png in Resources */,
				8B2669FF18C1366800EDE7D6 /* share.png in Resources */,
				8B2669F218C1365200EDE7D6 /* icon6@2x.png in Resources */,
				26582ED21469C58F001EF3B4 /* Signal_Connecting3.png in Resources */,
				8B2669F818C1365200EDE7D6 /* mute_icon@2x.png in Resources */,
				8B2669FE18C1366800EDE7D6 /* save@2x.png in Resources */,
				8B026E5918A7140C006AAA1F /* iTunesArtwork in Resources */,
				8B2669EE18C1365200EDE7D6 /* icon4@2x.png in Resources */,
				8B026E6018A71424006AAA1F /* Default@2x.png in Resources */,
				26582ED31469C58F001EF3B4 /* Signal_Disconnected.png in Resources */,
				ED1CBF5818A6DD1200DF600A /* blink_bigsound.wav in Resources */,
				8B2669F318C1365200EDE7D6 /* icon7.png in Resources */,
				8B2669F018C1365200EDE7D6 /* icon5@2x.png in Resources */,
				8B026E5218A7140C006AAA1F /* Icon-Small-50@2x.png in Resources */,
				8B026E5818A7140C006AAA1F /* Icon@2x.png in Resources */,
				8B2669D418C134E200EDE7D6 /* sound_icon@2x.png in Resources */,
				8B2669C718C1343100EDE7D6 /* play_button.png in Resources */,
				8B026E5118A7140C006AAA1F /* Icon-Small-50.png in Resources */,
				8B2669FD18C1366800EDE7D6 /* save.png in Resources */,
				ED1CBF5518A6DD0C00DF600A /* att_string_low_c.wav in Resources */,
				8B2669ED18C1365200EDE7D6 /* icon4.png in Resources */,
				ED1CBF6118A6E85600DF600A /* ViewController.xib in Resources */,
			);
			runOnlyForDeploymentPostprocessing = 0;
		};
/* End PBXResourcesBuildPhase section */

/* Begin PBXSourcesBuildPhase section */
		1D60588E0D05DD3D006BFB54 /* Sources */ = {
			isa = PBXSourcesBuildPhase;
			buildActionMask = 2147483647;
			files = (
				ED762B3318B85490006BD2AA /* PlayViewController.m in Sources */,
				1D60589B0D05DD56006BFB54 /* main.m in Sources */,
				1D3623260D0F684500981E51 /* ThinkNoteAppDelegate.m in Sources */,
				ED1CBF6018A6E85600DF600A /* ViewController.m in Sources */,
			);
			runOnlyForDeploymentPostprocessing = 0;
		};
/* End PBXSourcesBuildPhase section */

/* Begin XCBuildConfiguration section */
		1D6058940D05DD3E006BFB54 /* Debug */ = {
			isa = XCBuildConfiguration;
			buildSettings = {
				ALWAYS_SEARCH_USER_PATHS = NO;
				CODE_SIGN_IDENTITY = "iPhone Developer: Horace Ko (89Q96W3QEB)";
				"CODE_SIGN_IDENTITY[sdk=iphoneos*]" = "iPhone Developer";
				COPY_PHASE_STRIP = NO;
				FRAMEWORK_SEARCH_PATHS = (
					"$(inherited)",
					"\"$(SRCROOT)\"",
				);
				GCC_DYNAMIC_NO_PIC = NO;
				GCC_OPTIMIZATION_LEVEL = 0;
				GCC_PRECOMPILE_PREFIX_HEADER = YES;
				GCC_PREFIX_HEADER = ThinkNote_Prefix.pch;
				GCC_VERSION = com.apple.compilers.llvm.clang.1_0;
				INFOPLIST_FILE = "ThinkNote-Info.plist";
				IPHONEOS_DEPLOYMENT_TARGET = 5.1;
				LIBRARY_SEARCH_PATHS = (
					"$(inherited)",
					"\"$(SRCROOT)\"",
					"\"$(SRCROOT)/Libraries\"",
					"\"$(SRCROOT)/../../../../Library/Developer/Xcode/DerivedData/TGAccessory-bogggjfcpdrasocejkqgfiqnfrgv/Build/Products/Release-iphoneos\"",
				);
				OTHER_LDFLAGS = "-ObjC";
				PRODUCT_NAME = ThinkNote;
				PROVISIONING_PROFILE = "6EBBDEB2-98C8-4B8D-81D0-1D8549D658CE";
				"PROVISIONING_PROFILE[sdk=iphoneos*]" = "";
				SDKROOT = iphoneos;
				TARGETED_DEVICE_FAMILY = "1,2";
				USER_HEADER_SEARCH_PATHS = "";
			};
			name = Debug;
		};
		1D6058950D05DD3E006BFB54 /* Release */ = {
			isa = XCBuildConfiguration;
			buildSettings = {
				ALWAYS_SEARCH_USER_PATHS = NO;
				CODE_SIGN_IDENTITY = "iPhone Developer: Horace Ko (89Q96W3QEB)";
				"CODE_SIGN_IDENTITY[sdk=iphoneos*]" = "iPhone Distribution";
				COPY_PHASE_STRIP = YES;
				FRAMEWORK_SEARCH_PATHS = (
					"$(inherited)",
					"\"$(SRCROOT)\"",
				);
				GCC_PRECOMPILE_PREFIX_HEADER = YES;
				GCC_PREFIX_HEADER = ThinkNote_Prefix.pch;
				GCC_VERSION = com.apple.compilers.llvm.clang.1_0;
				INFOPLIST_FILE = "ThinkNote-Info.plist";
				IPHONEOS_DEPLOYMENT_TARGET = 5.1;
				LIBRARY_SEARCH_PATHS = (
					"$(inherited)",
					"\"$(SRCROOT)\"",
					"\"$(SRCROOT)/Libraries\"",
					"\"$(SRCROOT)/../../../../Library/Developer/Xcode/DerivedData/TGAccessory-bogggjfcpdrasocejkqgfiqnfrgv/Build/Products/Release-iphoneos\"",
				);
				PRODUCT_NAME = ThinkNote;
				PROVISIONING_PROFILE = "6EBBDEB2-98C8-4B8D-81D0-1D8549D658CE";
				"PROVISIONING_PROFILE[sdk=iphoneos*]" = "";
				SDKROOT = iphoneos;
				TARGETED_DEVICE_FAMILY = "1,2";
			};
			name = Release;
		};
		AAE08AA410E201C4008BB459 /* Ad-hoc Deploy */ = {
			isa = XCBuildConfiguration;
			buildSettings = {
				ARCHS = "$(ARCHS_STANDARD_32_BIT)";
				CODE_SIGN_ENTITLEMENTS = "";
				CODE_SIGN_IDENTITY = "iPhone Developer";
				"CODE_SIGN_IDENTITY[sdk=iphoneos*]" = "iPhone Developer";
				GCC_C_LANGUAGE_STANDARD = c99;
				GCC_VERSION = "";
				GCC_WARN_ABOUT_RETURN_TYPE = YES;
				GCC_WARN_UNUSED_VARIABLE = YES;
				IPHONEOS_DEPLOYMENT_TARGET = 4.0;
				OTHER_LDFLAGS = (
					"-ObjC",
					"-lstdc++",
				);
				PROVISIONING_PROFILE = "";
				"PROVISIONING_PROFILE[sdk=iphoneos*]" = "";
				RUN_CLANG_STATIC_ANALYZER = NO;
				SDKROOT = iphoneos;
			};
			name = "Ad-hoc Deploy";
		};
		AAE08AA510E201C4008BB459 /* Ad-hoc Deploy */ = {
			isa = XCBuildConfiguration;
			buildSettings = {
				ALWAYS_SEARCH_USER_PATHS = NO;
				CODE_SIGN_IDENTITY = "iPhone Distribution";
				"CODE_SIGN_IDENTITY[sdk=iphoneos*]" = "iPhone Distribution";
				COPY_PHASE_STRIP = YES;
				FRAMEWORK_SEARCH_PATHS = (
					"$(inherited)",
					"\"$(SRCROOT)\"",
				);
				GCC_PRECOMPILE_PREFIX_HEADER = YES;
				GCC_PREFIX_HEADER = ThinkNote_Prefix.pch;
				GCC_VERSION = com.apple.compilers.llvm.clang.1_0;
				INFOPLIST_FILE = "ThinkNote-Info.plist";
				IPHONEOS_DEPLOYMENT_TARGET = 5.1;
				LIBRARY_SEARCH_PATHS = (
					"$(inherited)",
					"\"$(SRCROOT)\"",
					"\"$(SRCROOT)/Libraries\"",
					"\"$(SRCROOT)/../../../../Library/Developer/Xcode/DerivedData/TGAccessory-bogggjfcpdrasocejkqgfiqnfrgv/Build/Products/Release-iphoneos\"",
				);
				PRODUCT_NAME = ThinkNote;
				PROVISIONING_PROFILE = "";
				"PROVISIONING_PROFILE[sdk=iphoneos*]" = "";
				SDKROOT = iphoneos;
				TARGETED_DEVICE_FAMILY = "1,2";
			};
			name = "Ad-hoc Deploy";
		};
		C01FCF4F08A954540054247B /* Debug */ = {
			isa = XCBuildConfiguration;
			buildSettings = {
				ARCHS = "$(ARCHS_STANDARD_32_BIT)";
				CODE_SIGN_ENTITLEMENTS = "";
				CODE_SIGN_IDENTITY = "iPhone Developer";
				"CODE_SIGN_IDENTITY[sdk=iphoneos*]" = "iPhone Developer";
				GCC_C_LANGUAGE_STANDARD = c99;
				GCC_VERSION = "";
				GCC_WARN_ABOUT_RETURN_TYPE = YES;
				GCC_WARN_UNUSED_VARIABLE = YES;
				IPHONEOS_DEPLOYMENT_TARGET = 4.0;
				OTHER_LDFLAGS = (
					"-ObjC",
					"-lstdc++",
				);
				PROVISIONING_PROFILE = "";
				"PROVISIONING_PROFILE[sdk=iphoneos*]" = "";
				RUN_CLANG_STATIC_ANALYZER = NO;
				SDKROOT = iphoneos;
			};
			name = Debug;
		};
		C01FCF5008A954540054247B /* Release */ = {
			isa = XCBuildConfiguration;
			buildSettings = {
				ARCHS = "$(ARCHS_STANDARD_32_BIT)";
				CODE_SIGN_ENTITLEMENTS = "";
				CODE_SIGN_IDENTITY = "iPhone Developer";
				"CODE_SIGN_IDENTITY[sdk=iphoneos*]" = "iPhone Distribution";
				GCC_C_LANGUAGE_STANDARD = c99;
				GCC_VERSION = "";
				GCC_WARN_ABOUT_RETURN_TYPE = YES;
				GCC_WARN_UNUSED_VARIABLE = YES;
				IPHONEOS_DEPLOYMENT_TARGET = 4.0;
				OTHER_LDFLAGS = (
					"-ObjC",
					"-lstdc++",
				);
				PROVISIONING_PROFILE = "";
				"PROVISIONING_PROFILE[sdk=iphoneos*]" = "";
				RUN_CLANG_STATIC_ANALYZER = NO;
				SDKROOT = iphoneos;
			};
			name = Release;
		};
/* End XCBuildConfiguration section */

/* Begin XCConfigurationList section */
		1D6058960D05DD3E006BFB54 /* Build configuration list for PBXNativeTarget "ThinkNote" */ = {
			isa = XCConfigurationList;
			buildConfigurations = (
				1D6058940D05DD3E006BFB54 /* Debug */,
				1D6058950D05DD3E006BFB54 /* Release */,
				AAE08AA510E201C4008BB459 /* Ad-hoc Deploy */,
			);
			defaultConfigurationIsVisible = 0;
			defaultConfigurationName = Release;
		};
		C01FCF4E08A954540054247B /* Build configuration list for PBXProject "ThinkNote" */ = {
			isa = XCConfigurationList;
			buildConfigurations = (
				C01FCF4F08A954540054247B /* Debug */,
				C01FCF5008A954540054247B /* Release */,
				AAE08AA410E201C4008BB459 /* Ad-hoc Deploy */,
			);
			defaultConfigurationIsVisible = 0;
			defaultConfigurationName = Release;
		};
/* End XCConfigurationList section */
	};
	rootObject = 29B97313FDCFA39411CA2CEA /* Project object */;
}
